
Microsoft Visual Studio Solution File, Format Version 11.00
# Visual Studio 2010
Project("{FAE04EC0-301F-11D3-BF4B-00C04F79EFBC}") = "TeamCityExample", "TeamCityExample\TeamCityExample.csproj", "{53935253-EE32-4D30-A23C-4E810EF8A473}"
EndProject
Project("{FAE04EC0-301F-11D3-BF4B-00C04F79EFBC}") = "TeamCityExample.Tests", "TeamCityExample.Tests\TeamCityExample.Tests.csproj", "{3FD739EB-5A7A-4C32-B9F4-6DBC2560F58C}"
EndProject
Global
	GlobalSection(SolutionConfigurationPlatforms) = preSolution
		Debug|Any CPU = Debug|Any CPU
		Release|Any CPU = Release|Any CPU
	EndGlobalSection
	GlobalSection(ProjectConfigurationPlatforms) = postSolution
		{53935253-EE32-4D30-A23C-4E810EF8A473}.Debug|Any CPU.ActiveCfg = Debug|Any CPU
		{53935253-EE32-4D30-A23C-4E810EF8A473}.Debug|Any CPU.Build.0 = Debug|Any CPU
		{53935253-EE32-4D30-A23C-4E810EF8A473}.Release|Any CPU.ActiveCfg = Release|Any CPU
		{53935253-EE32-4D30-A23C-4E810EF8A473}.Release|Any CPU.Build.0 = Release|Any CPU
		{3FD739EB-5A7A-4C32-B9F4-6DBC2560F58C}.Debug|Any CPU.ActiveCfg = Debug|Any CPU
		{3FD739EB-5A7A-4C32-B9F4-6DBC2560F58C}.Debug|Any CPU.Build.0 = Debug|Any CPU
		{3FD739EB-5A7A-4C32-B9F4-6DBC2560F58C}.Release|Any CPU.ActiveCfg = Release|Any CPU
		{3FD739EB-5A7A-4C32-B9F4-6DBC2560F58C}.Release|Any CPU.Build.0 = Release|Any CPU
	EndGlobalSection
	GlobalSection(SolutionProperties) = preSolution
		HideSolutionNode = FALSE
	EndGlobalSection
EndGlobal
